
Microsoft Visual Studio Solution File, Format Version 12.00
# Visual Studio Version 17
VisualStudioVersion = 17.5.2.0
MinimumVisualStudioVersion = 10.0.40219.1
Project("{FAE04EC0-301F-11D3-BF4B-00C04F79EFBC}") = "CustomerApi", "CustomerApi\CustomerApi.csproj", "{75858266-6A6D-4274-A3FE-F688CF34D489}"
EndProject
Project("{FAE04EC0-301F-11D3-BF4B-00C04F79EFBC}") = "ApiGateway", "ApiGateway\ApiGateway.csproj", "{6BE662EC-6811-43A3-92DD-F7968328E2DC}"
EndProject
Global
	GlobalSection(SolutionConfigurationPlatforms) = preSolution
		Debug|Any CPU = Debug|Any CPU
		Debug|x64 = Debug|x64
		Debug|x86 = Debug|x86
		Release|Any CPU = Release|Any CPU
		Release|x64 = Release|x64
		Release|x86 = Release|x86
	EndGlobalSection
	GlobalSection(ProjectConfigurationPlatforms) = postSolution
		{75858266-6A6D-4274-A3FE-F688CF34D489}.Debug|Any CPU.ActiveCfg = Debug|Any CPU
		{75858266-6A6D-4274-A3FE-F688CF34D489}.Debug|Any CPU.Build.0 = Debug|Any CPU
		{75858266-6A6D-4274-A3FE-F688CF34D489}.Debug|x64.ActiveCfg = Debug|Any CPU
		{75858266-6A6D-4274-A3FE-F688CF34D489}.Debug|x64.Build.0 = Debug|Any CPU
		{75858266-6A6D-4274-A3FE-F688CF34D489}.Debug|x86.ActiveCfg = Debug|Any CPU
		{75858266-6A6D-4274-A3FE-F688CF34D489}.Debug|x86.Build.0 = Debug|Any CPU
		{75858266-6A6D-4274-A3FE-F688CF34D489}.Release|Any CPU.ActiveCfg = Release|Any CPU
		{75858266-6A6D-4274-A3FE-F688CF34D489}.Release|Any CPU.Build.0 = Release|Any CPU
		{75858266-6A6D-4274-A3FE-F688CF34D489}.Release|x64.ActiveCfg = Release|Any CPU
		{75858266-6A6D-4274-A3FE-F688CF34D489}.Release|x64.Build.0 = Release|Any CPU
		{75858266-6A6D-4274-A3FE-F688CF34D489}.Release|x86.ActiveCfg = Release|Any CPU
		{75858266-6A6D-4274-A3FE-F688CF34D489}.Release|x86.Build.0 = Release|Any CPU
		{6BE662EC-6811-43A3-92DD-F7968328E2DC}.Debug|Any CPU.ActiveCfg = Debug|Any CPU
		{6BE662EC-6811-43A3-92DD-F7968328E2DC}.Debug|Any CPU.Build.0 = Debug|Any CPU
		{6BE662EC-6811-43A3-92DD-F7968328E2DC}.Debug|x64.ActiveCfg = Debug|Any CPU
		{6BE662EC-6811-43A3-92DD-F7968328E2DC}.Debug|x64.Build.0 = Debug|Any CPU
		{6BE662EC-6811-43A3-92DD-F7968328E2DC}.Debug|x86.ActiveCfg = Debug|Any CPU
		{6BE662EC-6811-43A3-92DD-F7968328E2DC}.Debug|x86.Build.0 = Debug|Any CPU
		{6BE662EC-6811-43A3-92DD-F7968328E2DC}.Release|Any CPU.ActiveCfg = Release|Any CPU
		{6BE662EC-6811-43A3-92DD-F7968328E2DC}.Release|Any CPU.Build.0 = Release|Any CPU
		{6BE662EC-6811-43A3-92DD-F7968328E2DC}.Release|x64.ActiveCfg = Release|Any CPU
		{6BE662EC-6811-43A3-92DD-F7968328E2DC}.Release|x64.Build.0 = Release|Any CPU
		{6BE662EC-6811-43A3-92DD-F7968328E2DC}.Release|x86.ActiveCfg = Release|Any CPU
		{6BE662EC-6811-43A3-92DD-F7968328E2DC}.Release|x86.Build.0 = Release|Any CPU
	EndGlobalSection
	GlobalSection(SolutionProperties) = preSolution
		HideSolutionNode = FALSE
	EndGlobalSection
	GlobalSection(ExtensibilityGlobals) = postSolution
		SolutionGuid = {9DE542CF-5626-4CDD-827F-D0B6F35B5F89}
	EndGlobalSection
EndGlobal
